
Microsoft Visual Studio Solution File, Format Version 12.00
# Visual Studio Version 17
VisualStudioVersion = 17.0.31919.166
MinimumVisualStudioVersion = 10.0.40219.1
Project("{FAE04EC0-301F-11D3-BF4B-00C04F79EFBC}") = "Todo", "Todo.csproj", "{28A62D51-89D7-40E5-8B4B-EFE40887703E}"
EndProject
Project("{2150E333-8FDC-42A3-9474-1A3956D46DE8}") = "Solution Items", "Solution Items", "{E7511296-3A5F-48BC-B755-39E817326379}"
	ProjectSection(SolutionItems) = preProject
		.editorconfig = .editorconfig
	EndProjectSection
EndProject
Global
	GlobalSection(SolutionConfigurationPlatforms) = preSolution
		Debug|Any CPU = Debug|Any CPU
		Release|Any CPU = Release|Any CPU
	EndGlobalSection
	GlobalSection(ProjectConfigurationPlatforms) = postSolution
		{28A62D51-89D7-40E5-8B4B-EFE40887703E}.Debug|Any CPU.ActiveCfg = Debug|Any CPU
		{28A62D51-89D7-40E5-8B4B-EFE40887703E}.Debug|Any CPU.Build.0 = Debug|Any CPU
		{28A62D51-89D7-40E5-8B4B-EFE40887703E}.Release|Any CPU.ActiveCfg = Release|Any CPU
		{28A62D51-89D7-40E5-8B4B-EFE40887703E}.Release|Any CPU.Build.0 = Release|Any CPU
	EndGlobalSection
	GlobalSection(SolutionProperties) = preSolution
		HideSolutionNode = FALSE
	EndGlobalSection
	GlobalSection(ExtensibilityGlobals) = postSolution
		SolutionGuid = {7BFAC81A-17FD-4224-B63F-BDD1577BD33B}
	EndGlobalSection
EndGlobal
